
Microsoft Visual Studio Solution File, Format Version 12.00
# Visual Studio Version 17
VisualStudioVersion = 17.2.32616.157
MinimumVisualStudioVersion = 10.0.40219.1
Project("{9A19103F-16F7-4668-BE54-9A1E7A4F7556}") = "Almacen_Back", "Almacen_Back.csproj", "{0BC03BD1-48B4-4512-A19A-6938A9A17A73}"
EndProject
Global
	GlobalSection(SolutionConfigurationPlatforms) = preSolution
		Debug|Any CPU = Debug|Any CPU
		Release|Any CPU = Release|Any CPU
	EndGlobalSection
	GlobalSection(ProjectConfigurationPlatforms) = postSolution
		{0BC03BD1-48B4-4512-A19A-6938A9A17A73}.Debug|Any CPU.ActiveCfg = Debug|Any CPU
		{0BC03BD1-48B4-4512-A19A-6938A9A17A73}.Debug|Any CPU.Build.0 = Debug|Any CPU
		{0BC03BD1-48B4-4512-A19A-6938A9A17A73}.Release|Any CPU.ActiveCfg = Release|Any CPU
		{0BC03BD1-48B4-4512-A19A-6938A9A17A73}.Release|Any CPU.Build.0 = Release|Any CPU
	EndGlobalSection
	GlobalSection(SolutionProperties) = preSolution
		HideSolutionNode = FALSE
	EndGlobalSection
	GlobalSection(ExtensibilityGlobals) = postSolution
		SolutionGuid = {95FD4B2B-5011-454F-AAF8-8AF722C237A4}
	EndGlobalSection
EndGlobal
